
Microsoft Visual Studio Solution File, Format Version 12.00
# Visual Studio Version 17
VisualStudioVersion = 17.3.32819.101
MinimumVisualStudioVersion = 10.0.40219.1
Project("{9A19103F-16F7-4668-BE54-9A1E7A4F7556}") = "FreeDictionary.API", "FreeDictionary.API\FreeDictionary.API.csproj", "{8E57664E-E373-435F-99D5-84EB9ACFA989}"
EndProject
Project("{9A19103F-16F7-4668-BE54-9A1E7A4F7556}") = "FreeDictionary.Application", "FreeDictionary.Application\FreeDictionary.Application.csproj", "{43BA271D-1CBF-4A95-9888-7F2B06839AB8}"
EndProject
Project("{9A19103F-16F7-4668-BE54-9A1E7A4F7556}") = "FreeDictionary.Domain", "FreeDictionary.Domain\FreeDictionary.Domain.csproj", "{1EED3998-F27D-422A-96BD-407065538616}"
EndProject
Project("{9A19103F-16F7-4668-BE54-9A1E7A4F7556}") = "FreeDictionary.Data", "FreeDictionary.Data\FreeDictionary.Data.csproj", "{D5F32F8D-A561-468C-A2B4-FC1051D3555F}"
EndProject
Project("{9A19103F-16F7-4668-BE54-9A1E7A4F7556}") = "FreeDictionary.Service", "FreeDictionary.Service\FreeDictionary.Service.csproj", "{0CDAE4B4-6954-4E33-A700-569FB9F588B5}"
EndProject
Project("{9A19103F-16F7-4668-BE54-9A1E7A4F7556}") = "FreeDictionary.CrossCutting", "FreeDictionary.CrossCutting\FreeDictionary.CrossCutting.csproj", "{E0207A14-049B-4FD3-A622-AE12FCB9DD1A}"
EndProject
Project("{9A19103F-16F7-4668-BE54-9A1E7A4F7556}") = "FreeDictionary.Tests", "FreeDictionary.Tests\FreeDictionary.Tests.csproj", "{61DF832A-3BE6-45A7-A479-9AB256E5DC35}"
EndProject
Global
	GlobalSection(SolutionConfigurationPlatforms) = preSolution
		Debug|Any CPU = Debug|Any CPU
		Release|Any CPU = Release|Any CPU
	EndGlobalSection
	GlobalSection(ProjectConfigurationPlatforms) = postSolution
		{8E57664E-E373-435F-99D5-84EB9ACFA989}.Debug|Any CPU.ActiveCfg = Debug|Any CPU
		{8E57664E-E373-435F-99D5-84EB9ACFA989}.Debug|Any CPU.Build.0 = Debug|Any CPU
		{8E57664E-E373-435F-99D5-84EB9ACFA989}.Release|Any CPU.ActiveCfg = Release|Any CPU
		{8E57664E-E373-435F-99D5-84EB9ACFA989}.Release|Any CPU.Build.0 = Release|Any CPU
		{43BA271D-1CBF-4A95-9888-7F2B06839AB8}.Debug|Any CPU.ActiveCfg = Debug|Any CPU
		{43BA271D-1CBF-4A95-9888-7F2B06839AB8}.Debug|Any CPU.Build.0 = Debug|Any CPU
		{43BA271D-1CBF-4A95-9888-7F2B06839AB8}.Release|Any CPU.ActiveCfg = Release|Any CPU
		{43BA271D-1CBF-4A95-9888-7F2B06839AB8}.Release|Any CPU.Build.0 = Release|Any CPU
		{1EED3998-F27D-422A-96BD-407065538616}.Debug|Any CPU.ActiveCfg = Debug|Any CPU
		{1EED3998-F27D-422A-96BD-407065538616}.Debug|Any CPU.Build.0 = Debug|Any CPU
		{1EED3998-F27D-422A-96BD-407065538616}.Release|Any CPU.ActiveCfg = Release|Any CPU
		{1EED3998-F27D-422A-96BD-407065538616}.Release|Any CPU.Build.0 = Release|Any CPU
		{D5F32F8D-A561-468C-A2B4-FC1051D3555F}.Debug|Any CPU.ActiveCfg = Debug|Any CPU
		{D5F32F8D-A561-468C-A2B4-FC1051D3555F}.Debug|Any CPU.Build.0 = Debug|Any CPU
		{D5F32F8D-A561-468C-A2B4-FC1051D3555F}.Release|Any CPU.ActiveCfg = Release|Any CPU
		{D5F32F8D-A561-468C-A2B4-FC1051D3555F}.Release|Any CPU.Build.0 = Release|Any CPU
		{0CDAE4B4-6954-4E33-A700-569FB9F588B5}.Debug|Any CPU.ActiveCfg = Debug|Any CPU
		{0CDAE4B4-6954-4E33-A700-569FB9F588B5}.Debug|Any CPU.Build.0 = Debug|Any CPU
		{0CDAE4B4-6954-4E33-A700-569FB9F588B5}.Release|Any CPU.ActiveCfg = Release|Any CPU
		{0CDAE4B4-6954-4E33-A700-569FB9F588B5}.Release|Any CPU.Build.0 = Release|Any CPU
		{E0207A14-049B-4FD3-A622-AE12FCB9DD1A}.Debug|Any CPU.ActiveCfg = Debug|Any CPU
		{E0207A14-049B-4FD3-A622-AE12FCB9DD1A}.Debug|Any CPU.Build.0 = Debug|Any CPU
		{E0207A14-049B-4FD3-A622-AE12FCB9DD1A}.Release|Any CPU.ActiveCfg = Release|Any CPU
		{E0207A14-049B-4FD3-A622-AE12FCB9DD1A}.Release|Any CPU.Build.0 = Release|Any CPU
		{61DF832A-3BE6-45A7-A479-9AB256E5DC35}.Debug|Any CPU.ActiveCfg = Debug|Any CPU
		{61DF832A-3BE6-45A7-A479-9AB256E5DC35}.Debug|Any CPU.Build.0 = Debug|Any CPU
		{61DF832A-3BE6-45A7-A479-9AB256E5DC35}.Release|Any CPU.ActiveCfg = Release|Any CPU
		{61DF832A-3BE6-45A7-A479-9AB256E5DC35}.Release|Any CPU.Build.0 = Release|Any CPU
	EndGlobalSection
	GlobalSection(SolutionProperties) = preSolution
		HideSolutionNode = FALSE
	EndGlobalSection
	GlobalSection(ExtensibilityGlobals) = postSolution
		SolutionGuid = {2E437185-3693-49BD-9976-A010B4D095BC}
	EndGlobalSection
EndGlobal
